{
  "name": "django_webpack_starter",
  "version": "1.1",
  "lockfileVersion": 1,
  "requires": true,
  "dependencies": {
    "@babel/helper-create-class-features-plugin": {
      "version": "7.12.1",
      "resolved": "https://registry.npmjs.org/@babel/helper-create-class-features-plugin/-/helper-create-class-features-plugin-7.12.1.tgz",
      "integrity": "sha512-hkL++rWeta/OVOBTRJc9a5Azh5mt5WgZUGAKMD8JM141YsE08K//bp1unBBieO6rUKkIPyUE0USQ30jAy3Sk1w==",
      "requires": {
        "@babel/helper-function-name": "^7.10.4",
        "@babel/helper-member-expression-to-functions": "^7.12.1",
        "@babel/helper-optimise-call-expression": "^7.10.4",
        "@babel/helper-replace-supers": "^7.12.1",
        "@babel/helper-split-export-declaration": "^7.10.4"
      },
      "dependencies": {
        "@babel/code-frame": {
          "version": "7.12.11",
          "resolved": "https://registry.npmjs.org/@babel/code-frame/-/code-frame-7.12.11.tgz",
          "integrity": "sha512-Zt1yodBx1UcyiePMSkWnU4hPqhwq7hGi2nFL1LeA3EUl+q2LQx16MISgJ0+z7dnmgvP9QtIleuETGOiOH1RcIw==",
          "requires": {
            "@babel/highlight": "^7.10.4"
          }
        },
        "@babel/helper-function-name": {
          "version": "7.12.11",
          "resolved": "https://registry.npmjs.org/@babel/helper-function-name/-/helper-function-name-7.12.11.tgz",
          "integrity": "sha512-AtQKjtYNolKNi6nNNVLQ27CP6D9oFR6bq/HPYSizlzbp7uC1M59XJe8L+0uXjbIaZaUJF99ruHqVGiKXU/7ybA==",
          "requires": {
            "@babel/helper-get-function-arity": "^7.12.10",
            "@babel/template": "^7.12.7",
            "@babel/types": "^7.12.11"
          }
        },
        "@babel/helper-get-function-arity": {
          "version": "7.12.10",
          "resolved": "https://registry.npmjs.org/@babel/helper-get-function-arity/-/helper-get-function-arity-7.12.10.tgz",
          "integrity": "sha512-mm0n5BPjR06wh9mPQaDdXWDoll/j5UpCAPl1x8fS71GHm7HA6Ua2V4ylG1Ju8lvcTOietbPNNPaSilKj+pj+Ag==",
          "requires": {
            "@babel/types": "^7.12.10"
          }
        },
        "@babel/helper-split-export-declaration": {
          "version": "7.12.11",
          "resolved": "https://registry.npmjs.org/@babel/helper-split-export-declaration/-/helper-split-export-declaration-7.12.11.tgz",
          "integrity": "sha512-LsIVN8j48gHgwzfocYUSkO/hjYAOJqlpJEc7tGXcIm4cubjVUf8LGW6eWRyxEu7gA25q02p0rQUWoCI33HNS5g==",
          "requires": {
            "@babel/types": "^7.12.11"
          }
        },
        "@babel/helper-validator-identifier": {
          "version": "7.12.11",
          "resolved": "https://registry.npmjs.org/@babel/helper-validator-identifier/-/helper-validator-identifier-7.12.11.tgz",
          "integrity": "sha512-np/lG3uARFybkoHokJUmf1QfEvRVCPbmQeUQpKow5cQ3xWrV9i3rUHodKDJPQfTVX61qKi+UdYk8kik84n7XOw=="
        },
        "@babel/highlight": {
          "version": "7.10.4",
          "resolved": "https://registry.npmjs.org/@babel/highlight/-/highlight-7.10.4.tgz",
          "integrity": "sha512-i6rgnR/YgPEQzZZnbTHHuZdlE8qyoBNalD6F+q4vAFlcMEcqmkoG+mPqJYJCo63qPf74+Y1UZsl3l6f7/RIkmA==",
          "requires": {
            "@babel/helper-validator-identifier": "^7.10.4",
            "chalk": "^2.0.0",
            "js-tokens": "^4.0.0"
          }
        },
        "@babel/parser": {
          "version": "7.12.11",
          "resolved": "https://registry.npmjs.org/@babel/parser/-/parser-7.12.11.tgz",
          "integrity": "sha512-N3UxG+uuF4CMYoNj8AhnbAcJF0PiuJ9KHuy1lQmkYsxTer/MAH9UBNHsBoAX/4s6NvlDD047No8mYVGGzLL4hg=="
        },
        "@babel/template": {
          "version": "7.12.7",
          "resolved": "https://registry.npmjs.org/@babel/template/-/template-7.12.7.tgz",
          "integrity": "sha512-GkDzmHS6GV7ZeXfJZ0tLRBhZcMcY0/Lnb+eEbXDBfCAcZCjrZKe6p3J4we/D24O9Y8enxWAg1cWwof59yLh2ow==",
          "requires": {
            "@babel/code-frame": "^7.10.4",
            "@babel/parser": "^7.12.7",
            "@babel/types": "^7.12.7"
          }
        },
        "@babel/types": {
          "version": "7.12.12",
          "resolved": "https://registry.npmjs.org/@babel/types/-/types-7.12.12.tgz",
          "integrity": "sha512-lnIX7piTxOH22xE7fDXDbSHg9MM1/6ORnafpJmov5rs0kX5g4BZxeXNJLXsMRiO0U5Rb8/FvMS6xlTnTHvxonQ==",
          "requires": {
            "@babel/helper-validator-identifier": "^7.12.11",
            "lodash": "^4.17.19",
            "to-fast-properties": "^2.0.0"
          }
        },
        "ansi-styles": {
          "version": "3.2.1",
          "resolved": "https://registry.npmjs.org/ansi-styles/-/ansi-styles-3.2.1.tgz",
          "integrity": "sha512-VT0ZI6kZRdTh8YyJw3SMbYm/u+NqfsAxEpWO0Pf9sq8/e94WxxOpPKx9FR1FlyCtOVDNOQ+8ntlqFxiRc+r5qA==",
          "requires": {
            "color-convert": "^1.9.0"
          }
        },
        "chalk": {
          "version": "2.4.2",
          "resolved": "https://registry.npmjs.org/chalk/-/chalk-2.4.2.tgz",
          "integrity": "sha512-Mti+f9lpJNcwF4tWV8/OrTTtF1gZi+f8FqlyAdouralcFWFQWF2+NgCHShjkCb+IFBLq9buZwE1xckQU4peSuQ==",
          "requires": {
            "ansi-styles": "^3.2.1",
            "escape-string-regexp": "^1.0.5",
            "supports-color": "^5.3.0"
          }
        },
        "color-convert": {
          "version": "1.9.3",
          "resolved": "https://registry.npmjs.org/color-convert/-/color-convert-1.9.3.tgz",
          "integrity": "sha512-QfAUtd+vFdAtFQcC8CCyYt1fYWxSqAiK2cSD6zDB8N3cpsEBAvRxp9zOGg6G/SHHJYAT88/az/IuDGALsNVbGg==",
          "requires": {
            "color-name": "1.1.3"
          }
        },
        "color-name": {
          "version": "1.1.3",
          "resolved": "https://registry.npmjs.org/color-name/-/color-name-1.1.3.tgz",
          "integrity": "sha1-p9BVi9icQveV3UIyj3QIMcpTvCU="
        },
        "escape-string-regexp": {
          "version": "1.0.5",
          "resolved": "https://registry.npmjs.org/escape-string-regexp/-/escape-string-regexp-1.0.5.tgz",
          "integrity": "sha1-G2HAViGQqN/2rjuyzwIAyhMLhtQ="
        },
        "has-flag": {
          "version": "3.0.0",
          "resolved": "https://registry.npmjs.org/has-flag/-/has-flag-3.0.0.tgz",
          "integrity": "sha1-tdRU3CGZriJWmfNGfloH87lVuv0="
        },
        "js-tokens": {
          "version": "4.0.0",
          "resolved": "https://registry.npmjs.org/js-tokens/-/js-tokens-4.0.0.tgz",
          "integrity": "sha512-RdJUflcE3cUzKiMqQgsCu06FPu9UdIJO0beYbPhHN4k6apgJtifcoCtT9bcxOpYBtpD2kCM6Sbzg4CausW/PKQ=="
        },
        "lodash": {
          "version": "4.17.20",
          "resolved": "https://registry.npmjs.org/lodash/-/lodash-4.17.20.tgz",
          "integrity": "sha512-PlhdFcillOINfeV7Ni6oF1TAEayyZBoZ8bcshTHqOYJYlrqzRK5hagpagky5o4HfCzzd1TRkXPMFq6cKk9rGmA=="
        },
        "supports-color": {
          "version": "5.5.0",
          "resolved": "https://registry.npmjs.org/supports-color/-/supports-color-5.5.0.tgz",
          "integrity": "sha512-QjVjwdXIt408MIiAqCX4oUKsgU2EqAGzs2Ppkm4aQYbjm+ZEWEcW4SfFNTr4uMNZma0ey4f5lgLrkB0aX0QMow==",
          "requires": {
            "has-flag": "^3.0.0"
          }
        },
        "to-fast-properties": {
          "version": "2.0.0",
          "resolved": "https://registry.npmjs.org/to-fast-properties/-/to-fast-properties-2.0.0.tgz",
          "integrity": "sha1-3F5pjL0HkmW8c+A3doGk5Og/YW4="
        }
      }
    },
    "@babel/helper-member-expression-to-functions": {
      "version": "7.12.7",
      "resolved": "https://registry.npmjs.org/@babel/helper-member-expression-to-functions/-/helper-member-expression-to-functions-7.12.7.tgz",
      "integrity": "sha512-DCsuPyeWxeHgh1Dus7APn7iza42i/qXqiFPWyBDdOFtvS581JQePsc1F/nD+fHrcswhLlRc2UpYS1NwERxZhHw==",
      "requires": {
        "@babel/types": "^7.12.7"
      },
      "dependencies": {
        "@babel/helper-validator-identifier": {
          "version": "7.12.11",
          "resolved": "https://registry.npmjs.org/@babel/helper-validator-identifier/-/helper-validator-identifier-7.12.11.tgz",
          "integrity": "sha512-np/lG3uARFybkoHokJUmf1QfEvRVCPbmQeUQpKow5cQ3xWrV9i3rUHodKDJPQfTVX61qKi+UdYk8kik84n7XOw=="
        },
        "@babel/types": {
          "version": "7.12.12",
          "resolved": "https://registry.npmjs.org/@babel/types/-/types-7.12.12.tgz",
          "integrity": "sha512-lnIX7piTxOH22xE7fDXDbSHg9MM1/6ORnafpJmov5rs0kX5g4BZxeXNJLXsMRiO0U5Rb8/FvMS6xlTnTHvxonQ==",
          "requires": {
            "@babel/helper-validator-identifier": "^7.12.11",
            "lodash": "^4.17.19",
            "to-fast-properties": "^2.0.0"
          }
        },
        "lodash": {
          "version": "4.17.20",
          "resolved": "https://registry.npmjs.org/lodash/-/lodash-4.17.20.tgz",
          "integrity": "sha512-PlhdFcillOINfeV7Ni6oF1TAEayyZBoZ8bcshTHqOYJYlrqzRK5hagpagky5o4HfCzzd1TRkXPMFq6cKk9rGmA=="
        },
        "to-fast-properties": {
          "version": "2.0.0",
          "resolved": "https://registry.npmjs.org/to-fast-properties/-/to-fast-properties-2.0.0.tgz",
          "integrity": "sha1-3F5pjL0HkmW8c+A3doGk5Og/YW4="
        }
      }
    },
    "@babel/helper-optimise-call-expression": {
      "version": "7.12.10",
      "resolved": "https://registry.npmjs.org/@babel/helper-optimise-call-expression/-/helper-optimise-call-expression-7.12.10.tgz",
      "integrity": "sha512-4tpbU0SrSTjjt65UMWSrUOPZTsgvPgGG4S8QSTNHacKzpS51IVWGDj0yCwyeZND/i+LSN2g/O63jEXEWm49sYQ==",
      "requires": {
        "@babel/types": "^7.12.10"
      },
      "dependencies": {
        "@babel/helper-validator-identifier": {
          "version": "7.12.11",
          "resolved": "https://registry.npmjs.org/@babel/helper-validator-identifier/-/helper-validator-identifier-7.12.11.tgz",
          "integrity": "sha512-np/lG3uARFybkoHokJUmf1QfEvRVCPbmQeUQpKow5cQ3xWrV9i3rUHodKDJPQfTVX61qKi+UdYk8kik84n7XOw=="
        },
        "@babel/types": {
          "version": "7.12.12",
          "resolved": "https://registry.npmjs.org/@babel/types/-/types-7.12.12.tgz",
          "integrity": "sha512-lnIX7piTxOH22xE7fDXDbSHg9MM1/6ORnafpJmov5rs0kX5g4BZxeXNJLXsMRiO0U5Rb8/FvMS6xlTnTHvxonQ==",
          "requires": {
            "@babel/helper-validator-identifier": "^7.12.11",
            "lodash": "^4.17.19",
            "to-fast-properties": "^2.0.0"
          }
        },
        "lodash": {
          "version": "4.17.20",
          "resolved": "https://registry.npmjs.org/lodash/-/lodash-4.17.20.tgz",
          "integrity": "sha512-PlhdFcillOINfeV7Ni6oF1TAEayyZBoZ8bcshTHqOYJYlrqzRK5hagpagky5o4HfCzzd1TRkXPMFq6cKk9rGmA=="
        },
        "to-fast-properties": {
          "version": "2.0.0",
          "resolved": "https://registry.npmjs.org/to-fast-properties/-/to-fast-properties-2.0.0.tgz",
          "integrity": "sha1-3F5pjL0HkmW8c+A3doGk5Og/YW4="
        }
      }
    },
    "@babel/helper-replace-supers": {
      "version": "7.12.11",
      "resolved": "https://registry.npmjs.org/@babel/helper-replace-supers/-/helper-replace-supers-7.12.11.tgz",
      "integrity": "sha512-q+w1cqmhL7R0FNzth/PLLp2N+scXEK/L2AHbXUyydxp828F4FEa5WcVoqui9vFRiHDQErj9Zof8azP32uGVTRA==",
      "requires": {
        "@babel/helper-member-expression-to-functions": "^7.12.7",
        "@babel/helper-optimise-call-expression": "^7.12.10",
        "@babel/traverse": "^7.12.10",
        "@babel/types": "^7.12.11"
      },
      "dependencies": {
        "@babel/code-frame": {
          "version": "7.12.11",
          "resolved": "https://registry.npmjs.org/@babel/code-frame/-/code-frame-7.12.11.tgz",
          "integrity": "sha512-Zt1yodBx1UcyiePMSkWnU4hPqhwq7hGi2nFL1LeA3EUl+q2LQx16MISgJ0+z7dnmgvP9QtIleuETGOiOH1RcIw==",
          "requires": {
            "@babel/highlight": "^7.10.4"
          }
        },
        "@babel/generator": {
          "version": "7.12.11",
          "resolved": "https://registry.npmjs.org/@babel/generator/-/generator-7.12.11.tgz",
          "integrity": "sha512-Ggg6WPOJtSi8yYQvLVjG8F/TlpWDlKx0OpS4Kt+xMQPs5OaGYWy+v1A+1TvxI6sAMGZpKWWoAQ1DaeQbImlItA==",
          "requires": {
            "@babel/types": "^7.12.11",
            "jsesc": "^2.5.1",
            "source-map": "^0.5.0"
          }
        },
        "@babel/helper-function-name": {
          "version": "7.12.11",
          "resolved": "https://registry.npmjs.org/@babel/helper-function-name/-/helper-function-name-7.12.11.tgz",
          "integrity": "sha512-AtQKjtYNolKNi6nNNVLQ27CP6D9oFR6bq/HPYSizlzbp7uC1M59XJe8L+0uXjbIaZaUJF99ruHqVGiKXU/7ybA==",
          "requires": {
            "@babel/helper-get-function-arity": "^7.12.10",
            "@babel/template": "^7.12.7",
            "@babel/types": "^7.12.11"
          }
        },
        "@babel/helper-get-function-arity": {
          "version": "7.12.10",
          "resolved": "https://registry.npmjs.org/@babel/helper-get-function-arity/-/helper-get-function-arity-7.12.10.tgz",
          "integrity": "sha512-mm0n5BPjR06wh9mPQaDdXWDoll/j5UpCAPl1x8fS71GHm7HA6Ua2V4ylG1Ju8lvcTOietbPNNPaSilKj+pj+Ag==",
          "requires": {
            "@babel/types": "^7.12.10"
          }
        },
        "@babel/helper-split-export-declaration": {
          "version": "7.12.11",
          "resolved": "https://registry.npmjs.org/@babel/helper-split-export-declaration/-/helper-split-export-declaration-7.12.11.tgz",
          "integrity": "sha512-LsIVN8j48gHgwzfocYUSkO/hjYAOJqlpJEc7tGXcIm4cubjVUf8LGW6eWRyxEu7gA25q02p0rQUWoCI33HNS5g==",
          "requires": {
            "@babel/types": "^7.12.11"
          }
        },
        "@babel/helper-validator-identifier": {
          "version": "7.12.11",
          "resolved": "https://registry.npmjs.org/@babel/helper-validator-identifier/-/helper-validator-identifier-7.12.11.tgz",
          "integrity": "sha512-np/lG3uARFybkoHokJUmf1QfEvRVCPbmQeUQpKow5cQ3xWrV9i3rUHodKDJPQfTVX61qKi+UdYk8kik84n7XOw=="
        },
        "@babel/highlight": {
          "version": "7.10.4",
          "resolved": "https://registry.npmjs.org/@babel/highlight/-/highlight-7.10.4.tgz",
          "integrity": "sha512-i6rgnR/YgPEQzZZnbTHHuZdlE8qyoBNalD6F+q4vAFlcMEcqmkoG+mPqJYJCo63qPf74+Y1UZsl3l6f7/RIkmA==",
          "requires": {
            "@babel/helper-validator-identifier": "^7.10.4",
            "chalk": "^2.0.0",
            "js-tokens": "^4.0.0"
          }
        },
        "@babel/parser": {
          "version": "7.12.11",
          "resolved": "https://registry.npmjs.org/@babel/parser/-/parser-7.12.11.tgz",
          "integrity": "sha512-N3UxG+uuF4CMYoNj8AhnbAcJF0PiuJ9KHuy1lQmkYsxTer/MAH9UBNHsBoAX/4s6NvlDD047No8mYVGGzLL4hg=="
        },
        "@babel/template": {
          "version": "7.12.7",
          "resolved": "https://registry.npmjs.org/@babel/template/-/template-7.12.7.tgz",
          "integrity": "sha512-GkDzmHS6GV7ZeXfJZ0tLRBhZcMcY0/Lnb+eEbXDBfCAcZCjrZKe6p3J4we/D24O9Y8enxWAg1cWwof59yLh2ow==",
          "requires": {
            "@babel/code-frame": "^7.10.4",
            "@babel/parser": "^7.12.7",
            "@babel/types": "^7.12.7"
          }
        },
        "@babel/traverse": {
          "version": "7.12.12",
          "resolved": "https://registry.npmjs.org/@babel/traverse/-/traverse-7.12.12.tgz",
          "integrity": "sha512-s88i0X0lPy45RrLM8b9mz8RPH5FqO9G9p7ti59cToE44xFm1Q+Pjh5Gq4SXBbtb88X7Uy7pexeqRIQDDMNkL0w==",
          "requires": {
            "@babel/code-frame": "^7.12.11",
            "@babel/generator": "^7.12.11",
            "@babel/helper-function-name": "^7.12.11",
            "@babel/helper-split-export-declaration": "^7.12.11",
            "@babel/parser": "^7.12.11",
            "@babel/types": "^7.12.12",
            "debug": "^4.1.0",
            "globals": "^11.1.0",
            "lodash": "^4.17.19"
          }
        },
        "@babel/types": {
          "version": "7.12.12",
          "resolved": "https://registry.npmjs.org/@babel/types/-/types-7.12.12.tgz",
          "integrity": "sha512-lnIX7piTxOH22xE7fDXDbSHg9MM1/6ORnafpJmov5rs0kX5g4BZxeXNJLXsMRiO0U5Rb8/FvMS6xlTnTHvxonQ==",
          "requires": {
            "@babel/helper-validator-identifier": "^7.12.11",
            "lodash": "^4.17.19",
            "to-fast-properties": "^2.0.0"
          }
        },
        "ansi-styles": {
          "version": "3.2.1",
          "resolved": "https://registry.npmjs.org/ansi-styles/-/ansi-styles-3.2.1.tgz",
          "integrity": "sha512-VT0ZI6kZRdTh8YyJw3SMbYm/u+NqfsAxEpWO0Pf9sq8/e94WxxOpPKx9FR1FlyCtOVDNOQ+8ntlqFxiRc+r5qA==",
          "requires": {
            "color-convert": "^1.9.0"
          }
        },
        "chalk": {
          "version": "2.4.2",
          "resolved": "https://registry.npmjs.org/chalk/-/chalk-2.4.2.tgz",
          "integrity": "sha512-Mti+f9lpJNcwF4tWV8/OrTTtF1gZi+f8FqlyAdouralcFWFQWF2+NgCHShjkCb+IFBLq9buZwE1xckQU4peSuQ==",
          "requires": {
            "ansi-styles": "^3.2.1",
            "escape-string-regexp": "^1.0.5",
            "supports-color": "^5.3.0"
          }
        },
        "color-convert": {
          "version": "1.9.3",
          "resolved": "https://registry.npmjs.org/color-convert/-/color-convert-1.9.3.tgz",
          "integrity": "sha512-QfAUtd+vFdAtFQcC8CCyYt1fYWxSqAiK2cSD6zDB8N3cpsEBAvRxp9zOGg6G/SHHJYAT88/az/IuDGALsNVbGg==",
          "requires": {
            "color-name": "1.1.3"
          }
        },
        "color-name": {
          "version": "1.1.3",
          "resolved": "https://registry.npmjs.org/color-name/-/color-name-1.1.3.tgz",
          "integrity": "sha1-p9BVi9icQveV3UIyj3QIMcpTvCU="
        },
        "debug": {
          "version": "4.3.1",
          "resolved": "https://registry.npmjs.org/debug/-/debug-4.3.1.tgz",
          "integrity": "sha512-doEwdvm4PCeK4K3RQN2ZC2BYUBaxwLARCqZmMjtF8a51J2Rb0xpVloFRnCODwqjpwnAoao4pelN8l3RJdv3gRQ==",
          "requires": {
            "ms": "2.1.2"
          }
        },
        "escape-string-regexp": {
          "version": "1.0.5",
          "resolved": "https://registry.npmjs.org/escape-string-regexp/-/escape-string-regexp-1.0.5.tgz",
          "integrity": "sha1-G2HAViGQqN/2rjuyzwIAyhMLhtQ="
        },
        "globals": {
          "version": "11.12.0",
          "resolved": "https://registry.npmjs.org/globals/-/globals-11.12.0.tgz",
          "integrity": "sha512-WOBp/EEGUiIsJSp7wcv/y6MO+lV9UoncWqxuFfm8eBwzWNgyfBd6Gz+IeKQ9jCmyhoH99g15M3T+QaVHFjizVA=="
        },
        "has-flag": {
          "version": "3.0.0",
          "resolved": "https://registry.npmjs.org/has-flag/-/has-flag-3.0.0.tgz",
          "integrity": "sha1-tdRU3CGZriJWmfNGfloH87lVuv0="
        },
        "js-tokens": {
          "version": "4.0.0",
          "resolved": "https://registry.npmjs.org/js-tokens/-/js-tokens-4.0.0.tgz",
          "integrity": "sha512-RdJUflcE3cUzKiMqQgsCu06FPu9UdIJO0beYbPhHN4k6apgJtifcoCtT9bcxOpYBtpD2kCM6Sbzg4CausW/PKQ=="
        },
        "jsesc": {
          "version": "2.5.2",
          "resolved": "https://registry.npmjs.org/jsesc/-/jsesc-2.5.2.tgz",
          "integrity": "sha512-OYu7XEzjkCQ3C5Ps3QIZsQfNpqoJyZZA99wd9aWd05NCtC5pWOkShK2mkL6HXQR6/Cy2lbNdPlZBpuQHXE63gA=="
        },
        "lodash": {
          "version": "4.17.20",
          "resolved": "https://registry.npmjs.org/lodash/-/lodash-4.17.20.tgz",
          "integrity": "sha512-PlhdFcillOINfeV7Ni6oF1TAEayyZBoZ8bcshTHqOYJYlrqzRK5hagpagky5o4HfCzzd1TRkXPMFq6cKk9rGmA=="
        },
        "ms": {
          "version": "2.1.2",
          "resolved": "https://registry.npmjs.org/ms/-/ms-2.1.2.tgz",
          "integrity": "sha512-sGkPx+VjMtmA6MX27oA4FBFELFCZZ4S4XqeGOXCv68tT+jb3vk/RyaKWP0PTKyWtmLSM0b+adUTEvbs1PEaH2w=="
        },
        "source-map": {
          "version": "0.5.7",
          "resolved": "https://registry.npmjs.org/source-map/-/source-map-0.5.7.tgz",
          "integrity": "sha1-igOdLRAh0i0eoUyA2OpGi6LvP8w="
        },
        "supports-color": {
          "version": "5.5.0",
          "resolved": "https://registry.npmjs.org/supports-color/-/supports-color-5.5.0.tgz",
          "integrity": "sha512-QjVjwdXIt408MIiAqCX4oUKsgU2EqAGzs2Ppkm4aQYbjm+ZEWEcW4SfFNTr4uMNZma0ey4f5lgLrkB0aX0QMow==",
          "requires": {
            "has-flag": "^3.0.0"
          }
        },
        "to-fast-properties": {
          "version": "2.0.0",
          "resolved": "https://registry.npmjs.org/to-fast-properties/-/to-fast-properties-2.0.0.tgz",
          "integrity": "sha1-3F5pjL0HkmW8c+A3doGk5Og/YW4="
        }
      }
    },
    "@babel/plugin-proposal-class-properties": {
      "version": "7.12.1",
      "resolved": "https://registry.npmjs.org/@babel/plugin-proposal-class-properties/-/plugin-proposal-class-properties-7.12.1.tgz",
      "integrity": "sha512-cKp3dlQsFsEs5CWKnN7BnSHOd0EOW8EKpEjkoz1pO2E5KzIDNV9Ros1b0CnmbVgAGXJubOYVBOGCT1OmJwOI7w==",
      "dev": true,
      "requires": {
        "@babel/helper-create-class-features-plugin": "^7.12.1",
        "@babel/helper-plugin-utils": "^7.10.4"
      },
      "dependencies": {
        "@babel/helper-plugin-utils": {
          "version": "7.10.4",
          "resolved": "https://registry.npmjs.org/@babel/helper-plugin-utils/-/helper-plugin-utils-7.10.4.tgz",
          "integrity": "sha512-O4KCvQA6lLiMU9l2eawBPMf1xPP8xPfB3iEQw150hOVTqj/rfXz0ThTb4HEzqQfs2Bmo5Ay8BzxfzVtBrr9dVg==",
          "dev": true
        }
      }
    },
    "@babel/runtime": {
      "version": "7.12.5",
      "resolved": "https://registry.npmjs.org/@babel/runtime/-/runtime-7.12.5.tgz",
      "integrity": "sha512-plcc+hbExy3McchJCEQG3knOsuh3HH+Prx1P6cLIkET/0dLuQDEnrT+s27Axgc9bqfsmNUNHfscgMUdBpC9xfg==",
      "requires": {
        "regenerator-runtime": "^0.13.4"
      }
    },
    "@material-ui/data-grid": {
      "version": "4.0.0-alpha.17",
      "resolved": "https://registry.npmjs.org/@material-ui/data-grid/-/data-grid-4.0.0-alpha.17.tgz",
      "integrity": "sha512-eqZ/H7jxl3UhVdz1H4OV5D7ZjXpnyg7mHZ4L92kp6qL2O820q2U482RGqyzrlFQCkDezAKqRUnn0iav7tUPDlQ==",
      "requires": {
        "@material-ui/utils": "^5.0.0-alpha.14",
        "prop-types": "^15.7.2",
        "reselect": "^4.0.0"
      }
    },
    "@material-ui/utils": {
      "version": "5.0.0-alpha.23",
      "resolved": "https://registry.npmjs.org/@material-ui/utils/-/utils-5.0.0-alpha.23.tgz",
      "integrity": "sha512-ZpvVFcBM+PaTn/+K7no5wTC9awMZiifZCM1rwGEwrJ3QL78csK2g5wKQBvJy2I5bdYnmtsZd0I/GKdMoJY0Ltw==",
      "requires": {
        "@babel/runtime": "^7.4.4",
        "@types/prop-types": "^15.7.3",
        "@types/react-is": "^16.7.1 || ^17.0.0",
        "prop-types": "^15.7.2",
        "react-is": "^16.8.0 || ^17.0.0"
      }
    },
    "@react-leaflet/core": {
      "version": "1.0.2",
      "resolved": "https://registry.npmjs.org/@react-leaflet/core/-/core-1.0.2.tgz",
      "integrity": "sha512-QbleYZTMcgujAEyWGki8Lx6cXQqWkNtQlqf5c7NImlIp8bKW66bFpez/6EVatW7+p9WKBOEOVci/9W7WW70EZg=="
    },
    "@terraformer/arcgis": {
      "version": "2.0.7",
      "resolved": "https://registry.npmjs.org/@terraformer/arcgis/-/arcgis-2.0.7.tgz",
      "integrity": "sha512-7jIQcnd8RnKsDt1IxmEjq9t7l5fnf0e5c+c1+1GjG4NR+TY0XkJcWtrBv0DWd65uAlDiQYMlEG8ls5dz1GQiuA==",
      "requires": {
        "@terraformer/common": "^2.0.7"
      }
    },
    "@terraformer/common": {
      "version": "2.0.7",
      "resolved": "https://registry.npmjs.org/@terraformer/common/-/common-2.0.7.tgz",
      "integrity": "sha512-8bl+/JT0Rw6FYe2H3FfJS8uQwgzGl+UHs+8JX0TQLHgA4sMDEwObbMwo0iP3FVONwPXrPHEpC5YH7Grve0cl9A=="
    },
    "@types/prop-types": {
      "version": "15.7.3",
      "resolved": "https://registry.npmjs.org/@types/prop-types/-/prop-types-15.7.3.tgz",
      "integrity": "sha512-KfRL3PuHmqQLOG+2tGpRO26Ctg+Cq1E01D2DMriKEATHgWLfeNDmq9e29Q9WIky0dQ3NPkd1mzYH8Lm936Z9qw=="
    },
    "@types/react": {
      "version": "17.0.0",
      "resolved": "https://registry.npmjs.org/@types/react/-/react-17.0.0.tgz",
      "integrity": "sha512-aj/L7RIMsRlWML3YB6KZiXB3fV2t41+5RBGYF8z+tAKU43Px8C3cYUZsDvf1/+Bm4FK21QWBrDutu8ZJ/70qOw==",
      "requires": {
        "@types/prop-types": "*",
        "csstype": "^3.0.2"
      }
    },
    "@types/react-is": {
      "version": "17.0.0",
      "resolved": "https://registry.npmjs.org/@types/react-is/-/react-is-17.0.0.tgz",
      "integrity": "sha512-A0DQ1YWZ0RG2+PV7neAotNCIh8gZ3z7tQnDJyS2xRPDNtAtSPcJ9YyfMP8be36Ha0kQRzbZCrrTMznA4blqO5g==",
      "requires": {
        "@types/react": "*"
      }
    },
    "csstype": {
      "version": "3.0.6",
      "resolved": "https://registry.npmjs.org/csstype/-/csstype-3.0.6.tgz",
      "integrity": "sha512-+ZAmfyWMT7TiIlzdqJgjMb7S4f1beorDbWbsocyK4RaiqA5RTX3K14bnBWmmA9QEM0gRdsjyyrEmcyga8Zsxmw=="
    },
    "esri-leaflet": {
      "version": "2.5.1",
      "resolved": "https://registry.npmjs.org/esri-leaflet/-/esri-leaflet-2.5.1.tgz",
      "integrity": "sha512-AW20oUuH4Co5qv+4rRtueHLczeqgYnJblv1KY1PLQgJrzeusT9ZgDXPi/esMeb3yN2PC2JL5BZIhlfzRegVDXA==",
      "requires": {
        "@terraformer/arcgis": "^2.0.7",
        "tiny-binary-search": "^1.0.3"
      }
    },
    "esri-leaflet-geocoder": {
      "version": "2.3.3",
      "resolved": "https://registry.npmjs.org/esri-leaflet-geocoder/-/esri-leaflet-geocoder-2.3.3.tgz",
      "integrity": "sha512-eA60epI3PE4G0aHnOgvsLg2wi4V6Svg9c6uzEWABFj4Thy1ZLjypzNRpTxSPqB5el2b6ntyCr6ZDsf7d2F41vg==",
      "requires": {
        "esri-leaflet": "^2.1.4",
        "leaflet": "^1.0.0"
      }
    },
    "leaflet": {
      "version": "1.7.1",
      "resolved": "https://registry.npmjs.org/leaflet/-/leaflet-1.7.1.tgz",
      "integrity": "sha512-/xwPEBidtg69Q3HlqPdU3DnrXQOvQU/CCHA1tcDQVzOwm91YMYaILjNp7L4Eaw5Z4sOYdbBz6koWyibppd8Zqw=="
    },
    "moment": {
      "version": "2.29.1",
      "resolved": "https://registry.npmjs.org/moment/-/moment-2.29.1.tgz",
      "integrity": "sha512-kHmoybcPV8Sqy59DwNDY3Jefr64lK/by/da0ViFcuA4DH0vQg5Q6Ze5VimxkfQNSC+Mls/Kx53s7TjP1RhFEDQ=="
    },
    "prop-types": {
      "version": "15.7.2",
      "resolved": "https://registry.npmjs.org/prop-types/-/prop-types-15.7.2.tgz",
      "integrity": "sha512-8QQikdH7//R2vurIJSutZ1smHYTcLpRWEOlHnzcWHmBYrOGUysKwSsrC89BCiFj3CbrfJ/nXFdJepOVrY1GCHQ==",
      "requires": {
        "loose-envify": "^1.4.0",
        "object-assign": "^4.1.1",
        "react-is": "^16.8.1"
      },
      "dependencies": {
        "js-tokens": {
          "version": "4.0.0",
          "resolved": "https://registry.npmjs.org/js-tokens/-/js-tokens-4.0.0.tgz",
          "integrity": "sha512-RdJUflcE3cUzKiMqQgsCu06FPu9UdIJO0beYbPhHN4k6apgJtifcoCtT9bcxOpYBtpD2kCM6Sbzg4CausW/PKQ=="
        },
        "loose-envify": {
          "version": "1.4.0",
          "resolved": "https://registry.npmjs.org/loose-envify/-/loose-envify-1.4.0.tgz",
          "integrity": "sha512-lyuxPGr/Wfhrlem2CL/UcnUc1zcqKAImBDzukY7Y5F/yQiNdko6+fRLevlw1HgMySw7f611UIY408EtxRSoK3Q==",
          "requires": {
            "js-tokens": "^3.0.0 || ^4.0.0"
          }
        },
        "object-assign": {
          "version": "4.1.1",
          "resolved": "https://registry.npmjs.org/object-assign/-/object-assign-4.1.1.tgz",
          "integrity": "sha1-IQmtx5ZYh8/AXLvUQsrIv7s2CGM="
        },
        "react-is": {
          "version": "16.13.1",
          "resolved": "https://registry.npmjs.org/react-is/-/react-is-16.13.1.tgz",
          "integrity": "sha512-24e6ynE2H+OKt4kqsOvNd8kBpV65zoxbA4BVsEOB3ARVWQki/DHzaUoC5KuON/BiccDaCCTZBuOcfZs70kR8bQ=="
        }
      }
    },
    "react-is": {
      "version": "17.0.1",
      "resolved": "https://registry.npmjs.org/react-is/-/react-is-17.0.1.tgz",
      "integrity": "sha512-NAnt2iGDXohE5LI7uBnLnqvLQMtzhkiAOLXTmv+qnF9Ky7xAPcX8Up/xWIhxvLVGJvuLiNc4xQLtuqDRzb4fSA=="
    },
    "react-leaflet": {
      "version": "3.0.2",
      "resolved": "https://registry.npmjs.org/react-leaflet/-/react-leaflet-3.0.2.tgz",
      "integrity": "sha512-7JxMV9HOo94jFwn1z+gcHVcYWeMxD994YsLxX3yyWebGOsLxpYfiQgNI7RPZWcAtcBK8XYSRB6WUj8NNb9hgbw==",
      "requires": {
        "@react-leaflet/core": "^1.0.2"
      }
    },
    "react-table": {
      "version": "7.6.2",
      "resolved": "https://registry.npmjs.org/react-table/-/react-table-7.6.2.tgz",
      "integrity": "sha512-urwNZTieb+xg/+BITUIrqdH5jZfJlw7rKVAAq25iXpBPwbQojLCEKJuGycLbVwn8fzU+Ovly3y8HHNaLNrPCvQ=="
    },
    "regenerator-runtime": {
      "version": "0.13.7",
      "resolved": "https://registry.npmjs.org/regenerator-runtime/-/regenerator-runtime-0.13.7.tgz",
      "integrity": "sha512-a54FxoJDIr27pgf7IgeQGxmqUNYrcV338lf/6gH456HZ/PhX+5BcwHXG9ajESmwe6WRO0tAzRUrRmNONWgkrew=="
    },
    "reselect": {
      "version": "4.0.0",
      "resolved": "https://registry.npmjs.org/reselect/-/reselect-4.0.0.tgz",
      "integrity": "sha512-qUgANli03jjAyGlnbYVAV5vvnOmJnODyABz51RdBN7M4WaVu8mecZWgyQNkG8Yqe3KRGRt0l4K4B3XVEULC4CA=="
    },
    "tiny-binary-search": {
      "version": "1.0.3",
      "resolved": "https://registry.npmjs.org/tiny-binary-search/-/tiny-binary-search-1.0.3.tgz",
      "integrity": "sha512-STSHX/L5nI9WTLv6wrzJbAPbO7OIISX83KFBh2GVbX1Uz/vgZOU/ANn/8iV6t35yMTpoPzzO+3OQid3mifE0CA=="
    }
  }
}
